// !$*UTF8*$!
{
	archiveVersion = 1;
	classes = {
	};
	objectVersion = 77;
	objects = {

/* Begin PBXBuildFile section */
		F9A884122D6975CF004ECD5B /* MyTestLibrary in Frameworks */ = {isa = PBXBuildFile; productRef = F9A884112D6975CF004ECD5B /* MyTestLibrary */; };
/* End PBXBuildFile section */

/* Begin PBXContainerItemProxy section */
		F9A883F32D6970F1004ECD5B /* PBXContainerItemProxy */ = {
			isa = PBXContainerItemProxy;
			containerPortal = F9A883D92D6970EF004ECD5B /* Project object */;
			proxyType = 1;
			remoteGlobalIDString = F9A883E02D6970EF004ECD5B;
			remoteInfo = DemoInPackage;
		};
		F9A883FD2D6970F1004ECD5B /* PBXContainerItemProxy */ = {
			isa = PBXContainerItemProxy;
			containerPortal = F9A883D92D6970EF004ECD5B /* Project object */;
			proxyType = 1;
			remoteGlobalIDString = F9A883E02D6970EF004ECD5B;
			remoteInfo = DemoInPackage;
		};
/* End PBXContainerItemProxy section */

/* Begin PBXFileReference section */
		F9A883E12D6970EF004ECD5B /* DemoInPackage.app */ = {isa = PBXFileReference; explicitFileType = wrapper.application; includeInIndex = 0; path = DemoInPackage.app; sourceTree = BUILT_PRODUCTS_DIR; };
		F9A883F22D6970F1004ECD5B /* DemoInPackageTests.xctest */ = {isa = PBXFileReference; explicitFileType = wrapper.cfbundle; includeInIndex = 0; path = DemoInPackageTests.xctest; sourceTree = BUILT_PRODUCTS_DIR; };
		F9A883FC2D6970F1004ECD5B /* DemoInPackageUITests.xctest */ = {isa = PBXFileReference; explicitFileType = wrapper.cfbundle; includeInIndex = 0; path = DemoInPackageUITests.xctest; sourceTree = BUILT_PRODUCTS_DIR; };
/* End PBXFileReference section */

/* Begin PBXFileSystemSynchronizedRootGroup section */
		F9A883E32D6970EF004ECD5B /* DemoInPackage */ = {
			isa = PBXFileSystemSynchronizedRootGroup;
			path = DemoInPackage;
			sourceTree = "<group>";
		};
		F9A883F52D6970F1004ECD5B /* DemoInPackageTests */ = {
			isa = PBXFileSystemSynchronizedRootGroup;
			path = DemoInPackageTests;
			sourceTree = "<group>";
		};
		F9A883FF2D6970F1004ECD5B /* DemoInPackageUITests */ = {
			isa = PBXFileSystemSynchronizedRootGroup;
			path = DemoInPackageUITests;
			sourceTree = "<group>";
		};
/* End PBXFileSystemSynchronizedRootGroup section */

/* Begin PBXFrameworksBuildPhase section */
		F9A883DE2D6970EF004ECD5B /* Frameworks */ = {
			isa = PBXFrameworksBuildPhase;
			buildActionMask = 2147483647;
			files = (
				F9A884122D6975CF004ECD5B /* MyTestLibrary in Frameworks */,
			);
			runOnlyForDeploymentPostprocessing = 0;
		};
		F9A883EF2D6970F1004ECD5B /* Frameworks */ = {
			isa = PBXFrameworksBuildPhase;
			buildActionMask = 2147483647;
			files = (
			);
			runOnlyForDeploymentPostprocessing = 0;
		};
		F9A883F92D6970F1004ECD5B /* Frameworks */ = {
			isa = PBXFrameworksBuildPhase;
			buildActionMask = 2147483647;
			files = (
			);
			runOnlyForDeploymentPostprocessing = 0;
		};
/* End PBXFrameworksBuildPhase section */

/* Begin PBXGroup section */
		F9A883D82D6970EF004ECD5B = {
			isa = PBXGroup;
			children = (
				F9A883E32D6970EF004ECD5B /* DemoInPackage */,
				F9A883F52D6970F1004ECD5B /* DemoInPackageTests */,
				F9A883FF2D6970F1004ECD5B /* DemoInPackageUITests */,
				F9A883E22D6970EF004ECD5B /* Products */,
			);
			sourceTree = "<group>";
		};
		F9A883E22D6970EF004ECD5B /* Products */ = {
			isa = PBXGroup;
			children = (
				F9A883E12D6970EF004ECD5B /* DemoInPackage.app */,
				F9A883F22D6970F1004ECD5B /* DemoInPackageTests.xctest */,
				F9A883FC2D6970F1004ECD5B /* DemoInPackageUITests.xctest */,
			);
			name = Products;
			sourceTree = "<group>";
		};
/* End PBXGroup section */

/* Begin PBXNativeTarget section */
		F9A883E02D6970EF004ECD5B /* DemoInPackage */ = {
			isa = PBXNativeTarget;
			buildConfigurationList = F9A884062D6970F1004ECD5B /* Build configuration list for PBXNativeTarget "DemoInPackage" */;
			buildPhases = (
				F9A883DD2D6970EF004ECD5B /* Sources */,
				F9A883DE2D6970EF004ECD5B /* Frameworks */,
				F9A883DF2D6970EF004ECD5B /* Resources */,
			);
			buildRules = (
			);
			dependencies = (
			);
			fileSystemSynchronizedGroups = (
				F9A883E32D6970EF004ECD5B /* DemoInPackage */,
			);
			name = DemoInPackage;
			packageProductDependencies = (
				F9A884112D6975CF004ECD5B /* MyTestLibrary */,
			);
			productName = DemoInPackage;
			productReference = F9A883E12D6970EF004ECD5B /* DemoInPackage.app */;
			productType = "com.apple.product-type.application";
		};
		F9A883F12D6970F1004ECD5B /* DemoInPackageTests */ = {
			isa = PBXNativeTarget;
			buildConfigurationList = F9A884092D6970F1004ECD5B /* Build configuration list for PBXNativeTarget "DemoInPackageTests" */;
			buildPhases = (
				F9A883EE2D6970F1004ECD5B /* Sources */,
				F9A883EF2D6970F1004ECD5B /* Frameworks */,
				F9A883F02D6970F1004ECD5B /* Resources */,
			);
			buildRules = (
			);
			dependencies = (
				F9A883F42D6970F1004ECD5B /* PBXTargetDependency */,
			);
			fileSystemSynchronizedGroups = (
				F9A883F52D6970F1004ECD5B /* DemoInPackageTests */,
			);
			name = DemoInPackageTests;
			packageProductDependencies = (
			);
			productName = DemoInPackageTests;
			productReference = F9A883F22D6970F1004ECD5B /* DemoInPackageTests.xctest */;
			productType = "com.apple.product-type.bundle.unit-test";
		};
		F9A883FB2D6970F1004ECD5B /* DemoInPackageUITests */ = {
			isa = PBXNativeTarget;
			buildConfigurationList = F9A8840C2D6970F1004ECD5B /* Build configuration list for PBXNativeTarget "DemoInPackageUITests" */;
			buildPhases = (
				F9A883F82D6970F1004ECD5B /* Sources */,
				F9A883F92D6970F1004ECD5B /* Frameworks */,
				F9A883FA2D6970F1004ECD5B /* Resources */,
			);
			buildRules = (
			);
			dependencies = (
				F9A883FE2D6970F1004ECD5B /* PBXTargetDependency */,
			);
			fileSystemSynchronizedGroups = (
				F9A883FF2D6970F1004ECD5B /* DemoInPackageUITests */,
			);
			name = DemoInPackageUITests;
			packageProductDependencies = (
			);
			productName = DemoInPackageUITests;
			productReference = F9A883FC2D6970F1004ECD5B /* DemoInPackageUITests.xctest */;
			productType = "com.apple.product-type.bundle.ui-testing";
		};
/* End PBXNativeTarget section */

/* Begin PBXProject section */
		F9A883D92D6970EF004ECD5B /* Project object */ = {
			isa = PBXProject;
			attributes = {
				BuildIndependentTargetsInParallel = 1;
				LastSwiftUpdateCheck = 1620;
				LastUpgradeCheck = 1620;
				TargetAttributes = {
					F9A883E02D6970EF004ECD5B = {
						CreatedOnToolsVersion = 16.2;
					};
					F9A883F12D6970F1004ECD5B = {
						CreatedOnToolsVersion = 16.2;
						TestTargetID = F9A883E02D6970EF004ECD5B;
					};
					F9A883FB2D6970F1004ECD5B = {
						CreatedOnToolsVersion = 16.2;
						TestTargetID = F9A883E02D6970EF004ECD5B;
					};
				};
			};
			buildConfigurationList = F9A883DC2D6970EF004ECD5B /* Build configuration list for PBXProject "DemoInPackage" */;
			developmentRegion = en;
			hasScannedForEncodings = 0;
			knownRegions = (
				en,
				Base,
			);
			mainGroup = F9A883D82D6970EF004ECD5B;
			minimizedProjectReferenceProxies = 1;
			packageReferences = (
				F9A884102D6975CF004ECD5B /* XCLocalSwiftPackageReference "../../../MyTestLibrary" */,
			);
			preferredProjectObjectVersion = 77;
			productRefGroup = F9A883E22D6970EF004ECD5B /* Products */;
			projectDirPath = "";
			projectRoot = "";
			targets = (
				F9A883E02D6970EF004ECD5B /* DemoInPackage */,
				F9A883F12D6970F1004ECD5B /* DemoInPackageTests */,
				F9A883FB2D6970F1004ECD5B /* DemoInPackageUITests */,
			);
		};
/* End PBXProject section */

/* Begin PBXResourcesBuildPhase section */
		F9A883DF2D6970EF004ECD5B /* Resources */ = {
			isa = PBXResourcesBuildPhase;
			buildActionMask = 2147483647;
			files = (
			);
			runOnlyForDeploymentPostprocessing = 0;
		};
		F9A883F02D6970F1004ECD5B /* Resources */ = {
			isa = PBXResourcesBuildPhase;
			buildActionMask = 2147483647;
			files = (
			);
			runOnlyForDeploymentPostprocessing = 0;
		};
		F9A883FA2D6970F1004ECD5B /* Resources */ = {
			isa = PBXResourcesBuildPhase;
			buildActionMask = 2147483647;
			files = (
			);
			runOnlyForDeploymentPostprocessing = 0;
		};
/* End PBXResourcesBuildPhase section */

/* Begin PBXSourcesBuildPhase section */
		F9A883DD2D6970EF004ECD5B /* Sources */ = {
			isa = PBXSourcesBuildPhase;
			buildActionMask = 2147483647;
			files = (
			);
			runOnlyForDeploymentPostprocessing = 0;
		};
		F9A883EE2D6970F1004ECD5B /* Sources */ = {
			isa = PBXSourcesBuildPhase;
			buildActionMask = 2147483647;
			files = (
			);
			runOnlyForDeploymentPostprocessing = 0;
		};
		F9A883F82D6970F1004ECD5B /* Sources */ = {
			isa = PBXSourcesBuildPhase;
			buildActionMask = 2147483647;
			files = (
			);
			runOnlyForDeploymentPostprocessing = 0;
		};
/* End PBXSourcesBuildPhase section */

/* Begin PBXTargetDependency section */
		F9A883F42D6970F1004ECD5B /* PBXTargetDependency */ = {
			isa = PBXTargetDependency;
			target = F9A883E02D6970EF004ECD5B /* DemoInPackage */;
			targetProxy = F9A883F32D6970F1004ECD5B /* PBXContainerItemProxy */;
		};
		F9A883FE2D6970F1004ECD5B /* PBXTargetDependency */ = {
			isa = PBXTargetDependency;
			target = F9A883E02D6970EF004ECD5B /* DemoInPackage */;
			targetProxy = F9A883FD2D6970F1004ECD5B /* PBXContainerItemProxy */;
		};
/* End PBXTargetDependency section */

/* Begin XCBuildConfiguration section */
		F9A884042D6970F1004ECD5B /* Debug */ = {
			isa = XCBuildConfiguration;
			buildSettings = {
				ALWAYS_SEARCH_USER_PATHS = NO;
				ASSETCATALOG_COMPILER_GENERATE_SWIFT_ASSET_SYMBOL_EXTENSIONS = YES;
				CLANG_ANALYZER_NONNULL = YES;
				CLANG_ANALYZER_NUMBER_OBJECT_CONVERSION = YES_AGGRESSIVE;
				CLANG_CXX_LANGUAGE_STANDARD = "gnu++20";
				CLANG_ENABLE_MODULES = YES;
				CLANG_ENABLE_OBJC_ARC = YES;
				CLANG_ENABLE_OBJC_WEAK = YES;
				CLANG_WARN_BLOCK_CAPTURE_AUTORELEASING = YES;
				CLANG_WARN_BOOL_CONVERSION = YES;
				CLANG_WARN_COMMA = YES;
				CLANG_WARN_CONSTANT_CONVERSION = YES;
				CLANG_WARN_DEPRECATED_OBJC_IMPLEMENTATIONS = YES;
				CLANG_WARN_DIRECT_OBJC_ISA_USAGE = YES_ERROR;
				CLANG_WARN_DOCUMENTATION_COMMENTS = YES;
				CLANG_WARN_EMPTY_BODY = YES;
				CLANG_WARN_ENUM_CONVERSION = YES;
				CLANG_WARN_INFINITE_RECURSION = YES;
				CLANG_WARN_INT_CONVERSION = YES;
				CLANG_WARN_NON_LITERAL_NULL_CONVERSION = YES;
				CLANG_WARN_OBJC_IMPLICIT_RETAIN_SELF = YES;
				CLANG_WARN_OBJC_LITERAL_CONVERSION = YES;
				CLANG_WARN_OBJC_ROOT_CLASS = YES_ERROR;
				CLANG_WARN_QUOTED_INCLUDE_IN_FRAMEWORK_HEADER = YES;
				CLANG_WARN_RANGE_LOOP_ANALYSIS = YES;
				CLANG_WARN_STRICT_PROTOTYPES = YES;
				CLANG_WARN_SUSPICIOUS_MOVE = YES;
				CLANG_WARN_UNGUARDED_AVAILABILITY = YES_AGGRESSIVE;
				CLANG_WARN_UNREACHABLE_CODE = YES;
				CLANG_WARN__DUPLICATE_METHOD_MATCH = YES;
				COPY_PHASE_STRIP = NO;
				DEBUG_INFORMATION_FORMAT = dwarf;
				ENABLE_STRICT_OBJC_MSGSEND = YES;
				ENABLE_TESTABILITY = YES;
				ENABLE_USER_SCRIPT_SANDBOXING = YES;
				GCC_C_LANGUAGE_STANDARD = gnu17;
				GCC_DYNAMIC_NO_PIC = NO;
				GCC_NO_COMMON_BLOCKS = YES;
				GCC_OPTIMIZATION_LEVEL = 0;
				GCC_PREPROCESSOR_DEFINITIONS = (
					"DEBUG=1",
					"$(inherited)",
				);
				GCC_WARN_64_TO_32_BIT_CONVERSION = YES;
				GCC_WARN_ABOUT_RETURN_TYPE = YES_ERROR;
				GCC_WARN_UNDECLARED_SELECTOR = YES;
				GCC_WARN_UNINITIALIZED_AUTOS = YES_AGGRESSIVE;
				GCC_WARN_UNUSED_FUNCTION = YES;
				GCC_WARN_UNUSED_VARIABLE = YES;
				LOCALIZATION_PREFERS_STRING_CATALOGS = YES;
				MTL_ENABLE_DEBUG_INFO = INCLUDE_SOURCE;
				MTL_FAST_MATH = YES;
				ONLY_ACTIVE_ARCH = YES;
				SWIFT_ACTIVE_COMPILATION_CONDITIONS = "DEBUG $(inherited)";
				SWIFT_OPTIMIZATION_LEVEL = "-Onone";
			};
			name = Debug;
		};
		F9A884052D6970F1004ECD5B /* Release */ = {
			isa = XCBuildConfiguration;
			buildSettings = {
				ALWAYS_SEARCH_USER_PATHS = NO;
				ASSETCATALOG_COMPILER_GENERATE_SWIFT_ASSET_SYMBOL_EXTENSIONS = YES;
				CLANG_ANALYZER_NONNULL = YES;
				CLANG_ANALYZER_NUMBER_OBJECT_CONVERSION = YES_AGGRESSIVE;
				CLANG_CXX_LANGUAGE_STANDARD = "gnu++20";
				CLANG_ENABLE_MODULES = YES;
				CLANG_ENABLE_OBJC_ARC = YES;
				CLANG_ENABLE_OBJC_WEAK = YES;
				CLANG_WARN_BLOCK_CAPTURE_AUTORELEASING = YES;
				CLANG_WARN_BOOL_CONVERSION = YES;
				CLANG_WARN_COMMA = YES;
				CLANG_WARN_CONSTANT_CONVERSION = YES;
				CLANG_WARN_DEPRECATED_OBJC_IMPLEMENTATIONS = YES;
				CLANG_WARN_DIRECT_OBJC_ISA_USAGE = YES_ERROR;
				CLANG_WARN_DOCUMENTATION_COMMENTS = YES;
				CLANG_WARN_EMPTY_BODY = YES;
				CLANG_WARN_ENUM_CONVERSION = YES;
				CLANG_WARN_INFINITE_RECURSION = YES;
				CLANG_WARN_INT_CONVERSION = YES;
				CLANG_WARN_NON_LITERAL_NULL_CONVERSION = YES;
				CLANG_WARN_OBJC_IMPLICIT_RETAIN_SELF = YES;
				CLANG_WARN_OBJC_LITERAL_CONVERSION = YES;
				CLANG_WARN_OBJC_ROOT_CLASS = YES_ERROR;
				CLANG_WARN_QUOTED_INCLUDE_IN_FRAMEWORK_HEADER = YES;
				CLANG_WARN_RANGE_LOOP_ANALYSIS = YES;
				CLANG_WARN_STRICT_PROTOTYPES = YES;
				CLANG_WARN_SUSPICIOUS_MOVE = YES;
				CLANG_WARN_UNGUARDED_AVAILABILITY = YES_AGGRESSIVE;
				CLANG_WARN_UNREACHABLE_CODE = YES;
				CLANG_WARN__DUPLICATE_METHOD_MATCH = YES;
				COPY_PHASE_STRIP = NO;
				DEBUG_INFORMATION_FORMAT = "dwarf-with-dsym";
				ENABLE_NS_ASSERTIONS = NO;
				ENABLE_STRICT_OBJC_MSGSEND = YES;
				ENABLE_USER_SCRIPT_SANDBOXING = YES;
				GCC_C_LANGUAGE_STANDARD = gnu17;
				GCC_NO_COMMON_BLOCKS = YES;
				GCC_WARN_64_TO_32_BIT_CONVERSION = YES;
				GCC_WARN_ABOUT_RETURN_TYPE = YES_ERROR;
				GCC_WARN_UNDECLARED_SELECTOR = YES;
				GCC_WARN_UNINITIALIZED_AUTOS = YES_AGGRESSIVE;
				GCC_WARN_UNUSED_FUNCTION = YES;
				GCC_WARN_UNUSED_VARIABLE = YES;
				LOCALIZATION_PREFERS_STRING_CATALOGS = YES;
				MTL_ENABLE_DEBUG_INFO = NO;
				MTL_FAST_MATH = YES;
				SWIFT_COMPILATION_MODE = wholemodule;
			};
			name = Release;
		};
		F9A884072D6970F1004ECD5B /* Debug */ = {
			isa = XCBuildConfiguration;
			buildSettings = {
				ASSETCATALOG_COMPILER_APPICON_NAME = AppIcon;
				ASSETCATALOG_COMPILER_GLOBAL_ACCENT_COLOR_NAME = AccentColor;
				CODE_SIGN_ENTITLEMENTS = DemoInPackage/DemoInPackage.entitlements;
				CODE_SIGN_STYLE = Automatic;
				CURRENT_PROJECT_VERSION = 1;
				DEVELOPMENT_ASSET_PATHS = "\"DemoInPackage/Preview Content\"";
				DEVELOPMENT_TEAM = XBK5FFN95U;
				ENABLE_HARDENED_RUNTIME = YES;
				ENABLE_PREVIEWS = YES;
				GENERATE_INFOPLIST_FILE = YES;
				"INFOPLIST_KEY_UIApplicationSceneManifest_Generation[sdk=iphoneos*]" = YES;
				"INFOPLIST_KEY_UIApplicationSceneManifest_Generation[sdk=iphonesimulator*]" = YES;
				"INFOPLIST_KEY_UIApplicationSupportsIndirectInputEvents[sdk=iphoneos*]" = YES;
				"INFOPLIST_KEY_UIApplicationSupportsIndirectInputEvents[sdk=iphonesimulator*]" = YES;
				"INFOPLIST_KEY_UILaunchScreen_Generation[sdk=iphoneos*]" = YES;
				"INFOPLIST_KEY_UILaunchScreen_Generation[sdk=iphonesimulator*]" = YES;
				"INFOPLIST_KEY_UIStatusBarStyle[sdk=iphoneos*]" = UIStatusBarStyleDefault;
				"INFOPLIST_KEY_UIStatusBarStyle[sdk=iphonesimulator*]" = UIStatusBarStyleDefault;
				INFOPLIST_KEY_UISupportedInterfaceOrientations_iPad = "UIInterfaceOrientationPortrait UIInterfaceOrientationPortraitUpsideDown UIInterfaceOrientationLandscapeLeft UIInterfaceOrientationLandscapeRight";
				INFOPLIST_KEY_UISupportedInterfaceOrientations_iPhone = "UIInterfaceOrientationPortrait UIInterfaceOrientationLandscapeLeft UIInterfaceOrientationLandscapeRight";
				IPHONEOS_DEPLOYMENT_TARGET = 18.2;
				LD_RUNPATH_SEARCH_PATHS = "@executable_path/Frameworks";
				"LD_RUNPATH_SEARCH_PATHS[sdk=macosx*]" = "@executable_path/../Frameworks";
				MACOSX_DEPLOYMENT_TARGET = 15.2;
				MARKETING_VERSION = 1.0;
				PRODUCT_BUNDLE_IDENTIFIER = com.hzx.DemoInPackage;
				PRODUCT_NAME = "$(TARGET_NAME)";
				SDKROOT = auto;
				SUPPORTED_PLATFORMS = "iphoneos iphonesimulator macosx xros xrsimulator";
				SWIFT_EMIT_LOC_STRINGS = YES;
				SWIFT_VERSION = 5.0;
				TARGETED_DEVICE_FAMILY = "1,2,7";
				XROS_DEPLOYMENT_TARGET = 2.2;
			};
			name = Debug;
		};
		F9A884082D6970F1004ECD5B /* Release */ = {
			isa = XCBuildConfiguration;
			buildSettings = {
				ASSETCATALOG_COMPILER_APPICON_NAME = AppIcon;
				ASSETCATALOG_COMPILER_GLOBAL_ACCENT_COLOR_NAME = AccentColor;
				CODE_SIGN_ENTITLEMENTS = DemoInPackage/DemoInPackage.entitlements;
				CODE_SIGN_STYLE = Automatic;
				CURRENT_PROJECT_VERSION = 1;
				DEVELOPMENT_ASSET_PATHS = "\"DemoInPackage/Preview Content\"";
				DEVELOPMENT_TEAM = XBK5FFN95U;
				ENABLE_HARDENED_RUNTIME = YES;
				ENABLE_PREVIEWS = YES;
				GENERATE_INFOPLIST_FILE = YES;
				"INFOPLIST_KEY_UIApplicationSceneManifest_Generation[sdk=iphoneos*]" = YES;
				"INFOPLIST_KEY_UIApplicationSceneManifest_Generation[sdk=iphonesimulator*]" = YES;
				"INFOPLIST_KEY_UIApplicationSupportsIndirectInputEvents[sdk=iphoneos*]" = YES;
				"INFOPLIST_KEY_UIApplicationSupportsIndirectInputEvents[sdk=iphonesimulator*]" = YES;
				"INFOPLIST_KEY_UILaunchScreen_Generation[sdk=iphoneos*]" = YES;
				"INFOPLIST_KEY_UILaunchScreen_Generation[sdk=iphonesimulator*]" = YES;
				"INFOPLIST_KEY_UIStatusBarStyle[sdk=iphoneos*]" = UIStatusBarStyleDefault;
				"INFOPLIST_KEY_UIStatusBarStyle[sdk=iphonesimulator*]" = UIStatusBarStyleDefault;
				INFOPLIST_KEY_UISupportedInterfaceOrientations_iPad = "UIInterfaceOrientationPortrait UIInterfaceOrientationPortraitUpsideDown UIInterfaceOrientationLandscapeLeft UIInterfaceOrientationLandscapeRight";
				INFOPLIST_KEY_UISupportedInterfaceOrientations_iPhone = "UIInterfaceOrientationPortrait UIInterfaceOrientationLandscapeLeft UIInterfaceOrientationLandscapeRight";
				IPHONEOS_DEPLOYMENT_TARGET = 18.2;
				LD_RUNPATH_SEARCH_PATHS = "@executable_path/Frameworks";
				"LD_RUNPATH_SEARCH_PATHS[sdk=macosx*]" = "@executable_path/../Frameworks";
				MACOSX_DEPLOYMENT_TARGET = 15.2;
				MARKETING_VERSION = 1.0;
				PRODUCT_BUNDLE_IDENTIFIER = com.hzx.DemoInPackage;
				PRODUCT_NAME = "$(TARGET_NAME)";
				SDKROOT = auto;
				SUPPORTED_PLATFORMS = "iphoneos iphonesimulator macosx xros xrsimulator";
				SWIFT_EMIT_LOC_STRINGS = YES;
				SWIFT_VERSION = 5.0;
				TARGETED_DEVICE_FAMILY = "1,2,7";
				XROS_DEPLOYMENT_TARGET = 2.2;
			};
			name = Release;
		};
		F9A8840A2D6970F1004ECD5B /* Debug */ = {
			isa = XCBuildConfiguration;
			buildSettings = {
				BUNDLE_LOADER = "$(TEST_HOST)";
				CODE_SIGN_STYLE = Automatic;
				CURRENT_PROJECT_VERSION = 1;
				DEVELOPMENT_TEAM = XBK5FFN95U;
				GENERATE_INFOPLIST_FILE = YES;
				IPHONEOS_DEPLOYMENT_TARGET = 18.2;
				MACOSX_DEPLOYMENT_TARGET = 15.2;
				MARKETING_VERSION = 1.0;
				PRODUCT_BUNDLE_IDENTIFIER = com.hzx.DemoInPackageTests;
				PRODUCT_NAME = "$(TARGET_NAME)";
				SDKROOT = auto;
				SUPPORTED_PLATFORMS = "iphoneos iphonesimulator macosx xros xrsimulator";
				SWIFT_EMIT_LOC_STRINGS = NO;
				SWIFT_VERSION = 5.0;
				TARGETED_DEVICE_FAMILY = "1,2,7";
				TEST_HOST = "$(BUILT_PRODUCTS_DIR)/DemoInPackage.app/$(BUNDLE_EXECUTABLE_FOLDER_PATH)/DemoInPackage";
				XROS_DEPLOYMENT_TARGET = 2.2;
			};
			name = Debug;
		};
		F9A8840B2D6970F1004ECD5B /* Release */ = {
			isa = XCBuildConfiguration;
			buildSettings = {
				BUNDLE_LOADER = "$(TEST_HOST)";
				CODE_SIGN_STYLE = Automatic;
				CURRENT_PROJECT_VERSION = 1;
				DEVELOPMENT_TEAM = XBK5FFN95U;
				GENERATE_INFOPLIST_FILE = YES;
				IPHONEOS_DEPLOYMENT_TARGET = 18.2;
				MACOSX_DEPLOYMENT_TARGET = 15.2;
				MARKETING_VERSION = 1.0;
				PRODUCT_BUNDLE_IDENTIFIER = com.hzx.DemoInPackageTests;
				PRODUCT_NAME = "$(TARGET_NAME)";
				SDKROOT = auto;
				SUPPORTED_PLATFORMS = "iphoneos iphonesimulator macosx xros xrsimulator";
				SWIFT_EMIT_LOC_STRINGS = NO;
				SWIFT_VERSION = 5.0;
				TARGETED_DEVICE_FAMILY = "1,2,7";
				TEST_HOST = "$(BUILT_PRODUCTS_DIR)/DemoInPackage.app/$(BUNDLE_EXECUTABLE_FOLDER_PATH)/DemoInPackage";
				XROS_DEPLOYMENT_TARGET = 2.2;
			};
			name = Release;
		};
		F9A8840D2D6970F1004ECD5B /* Debug */ = {
			isa = XCBuildConfiguration;
			buildSettings = {
				CODE_SIGN_STYLE = Automatic;
				CURRENT_PROJECT_VERSION = 1;
				DEVELOPMENT_TEAM = XBK5FFN95U;
				GENERATE_INFOPLIST_FILE = YES;
				IPHONEOS_DEPLOYMENT_TARGET = 18.2;
				MACOSX_DEPLOYMENT_TARGET = 15.2;
				MARKETING_VERSION = 1.0;
				PRODUCT_BUNDLE_IDENTIFIER = com.hzx.DemoInPackageUITests;
				PRODUCT_NAME = "$(TARGET_NAME)";
				SDKROOT = auto;
				SUPPORTED_PLATFORMS = "iphoneos iphonesimulator macosx xros xrsimulator";
				SWIFT_EMIT_LOC_STRINGS = NO;
				SWIFT_VERSION = 5.0;
				TARGETED_DEVICE_FAMILY = "1,2,7";
				TEST_TARGET_NAME = DemoInPackage;
				XROS_DEPLOYMENT_TARGET = 2.2;
			};
			name = Debug;
		};
		F9A8840E2D6970F1004ECD5B /* Release */ = {
			isa = XCBuildConfiguration;
			buildSettings = {
				CODE_SIGN_STYLE = Automatic;
				CURRENT_PROJECT_VERSION = 1;
				DEVELOPMENT_TEAM = XBK5FFN95U;
				GENERATE_INFOPLIST_FILE = YES;
				IPHONEOS_DEPLOYMENT_TARGET = 18.2;
				MACOSX_DEPLOYMENT_TARGET = 15.2;
				MARKETING_VERSION = 1.0;
				PRODUCT_BUNDLE_IDENTIFIER = com.hzx.DemoInPackageUITests;
				PRODUCT_NAME = "$(TARGET_NAME)";
				SDKROOT = auto;
				SUPPORTED_PLATFORMS = "iphoneos iphonesimulator macosx xros xrsimulator";
				SWIFT_EMIT_LOC_STRINGS = NO;
				SWIFT_VERSION = 5.0;
				TARGETED_DEVICE_FAMILY = "1,2,7";
				TEST_TARGET_NAME = DemoInPackage;
				XROS_DEPLOYMENT_TARGET = 2.2;
			};
			name = Release;
		};
/* End XCBuildConfiguration section */

/* Begin XCConfigurationList section */
		F9A883DC2D6970EF004ECD5B /* Build configuration list for PBXProject "DemoInPackage" */ = {
			isa = XCConfigurationList;
			buildConfigurations = (
				F9A884042D6970F1004ECD5B /* Debug */,
				F9A884052D6970F1004ECD5B /* Release */,
			);
			defaultConfigurationIsVisible = 0;
			defaultConfigurationName = Release;
		};
		F9A884062D6970F1004ECD5B /* Build configuration list for PBXNativeTarget "DemoInPackage" */ = {
			isa = XCConfigurationList;
			buildConfigurations = (
				F9A884072D6970F1004ECD5B /* Debug */,
				F9A884082D6970F1004ECD5B /* Release */,
			);
			defaultConfigurationIsVisible = 0;
			defaultConfigurationName = Release;
		};
		F9A884092D6970F1004ECD5B /* Build configuration list for PBXNativeTarget "DemoInPackageTests" */ = {
			isa = XCConfigurationList;
			buildConfigurations = (
				F9A8840A2D6970F1004ECD5B /* Debug */,
				F9A8840B2D6970F1004ECD5B /* Release */,
			);
			defaultConfigurationIsVisible = 0;
			defaultConfigurationName = Release;
		};
		F9A8840C2D6970F1004ECD5B /* Build configuration list for PBXNativeTarget "DemoInPackageUITests" */ = {
			isa = XCConfigurationList;
			buildConfigurations = (
				F9A8840D2D6970F1004ECD5B /* Debug */,
				F9A8840E2D6970F1004ECD5B /* Release */,
			);
			defaultConfigurationIsVisible = 0;
			defaultConfigurationName = Release;
		};
/* End XCConfigurationList section */

/* Begin XCLocalSwiftPackageReference section */
		F9A884102D6975CF004ECD5B /* XCLocalSwiftPackageReference "../../../MyTestLibrary" */ = {
			isa = XCLocalSwiftPackageReference;
			relativePath = ../../../MyTestLibrary;
		};
/* End XCLocalSwiftPackageReference section */

/* Begin XCSwiftPackageProductDependency section */
		F9A884112D6975CF004ECD5B /* MyTestLibrary */ = {
			isa = XCSwiftPackageProductDependency;
			productName = MyTestLibrary;
		};
/* End XCSwiftPackageProductDependency section */
	};
	rootObject = F9A883D92D6970EF004ECD5B /* Project object */;
}
